<Solution>
  <Folder Name="/src/">
    <Project Path="src/PlatenReports.Core/PlatenReports.Core.csproj" />
    <Project Path="src/PlatenReports.Pdf/PlatenReports.Pdf.csproj" />
    <Project Path="src/PlatenReports.Sql/PlatenReports.Sql.csproj" />
  </Folder>
  <Folder Name="/tests/">
    <Project Path="tests/PlatenReports.Core.Tests/PlatenReports.Core.Tests.csproj" />
  </Folder>
</Solution>
